// !$*UTF8*$!
{
	archiveVersion = 1;
	classes = {
	};
	objectVersion = 50;
	objects = {

/* Begin PBXBuildFile section */
		D942FAE92665BE400025DEC9 /* RenovateTestApp.swift in Sources */ = {isa = PBXBuildFile; fileRef = D942FAE82665BE400025DEC9 /* RenovateTestApp.swift */; };
		D942FAEB2665BE400025DEC9 /* ContentView.swift in Sources */ = {isa = PBXBuildFile; fileRef = D942FAEA2665BE400025DEC9 /* ContentView.swift */; };
		D942FAED2665BE420025DEC9 /* Assets.xcassets in Resources */ = {isa = PBXBuildFile; fileRef = D942FAEC2665BE420025DEC9 /* Assets.xcassets */; };
		D942FAF02665BE420025DEC9 /* Preview Assets.xcassets in Resources */ = {isa = PBXBuildFile; fileRef = D942FAEF2665BE420025DEC9 /* Preview Assets.xcassets */; };
		D942FAFB2665BE430025DEC9 /* RenovateTestTests.swift in Sources */ = {isa = PBXBuildFile; fileRef = D942FAFA2665BE430025DEC9 /* RenovateTestTests.swift */; };
		D942FB062665BE430025DEC9 /* RenovateTestUITests.swift in Sources */ = {isa = PBXBuildFile; fileRef = D942FB052665BE430025DEC9 /* RenovateTestUITests.swift */; };
/* End PBXBuildFile section */

/* Begin PBXContainerItemProxy section */
		D942FAF72665BE430025DEC9 /* PBXContainerItemProxy */ = {
			isa = PBXContainerItemProxy;
			containerPortal = D942FADD2665BE400025DEC9 /* Project object */;
			proxyType = 1;
			remoteGlobalIDString = D942FAE42665BE400025DEC9;
			remoteInfo = RenovateTest;
		};
		D942FB022665BE430025DEC9 /* PBXContainerItemProxy */ = {
			isa = PBXContainerItemProxy;
			containerPortal = D942FADD2665BE400025DEC9 /* Project object */;
			proxyType = 1;
			remoteGlobalIDString = D942FAE42665BE400025DEC9;
			remoteInfo = RenovateTest;
		};
/* End PBXContainerItemProxy section */

/* Begin PBXFileReference section */
		D942FAE52665BE400025DEC9 /* RenovateTest.app */ = {isa = PBXFileReference; explicitFileType = wrapper.application; includeInIndex = 0; path = RenovateTest.app; sourceTree = BUILT_PRODUCTS_DIR; };
		D942FAE82665BE400025DEC9 /* RenovateTestApp.swift */ = {isa = PBXFileReference; lastKnownFileType = sourcecode.swift; path = RenovateTestApp.swift; sourceTree = "<group>"; };
		D942FAEA2665BE400025DEC9 /* ContentView.swift */ = {isa = PBXFileReference; lastKnownFileType = sourcecode.swift; path = ContentView.swift; sourceTree = "<group>"; };
		D942FAEC2665BE420025DEC9 /* Assets.xcassets */ = {isa = PBXFileReference; lastKnownFileType = folder.assetcatalog; path = Assets.xcassets; sourceTree = "<group>"; };
		D942FAEF2665BE420025DEC9 /* Preview Assets.xcassets */ = {isa = PBXFileReference; lastKnownFileType = folder.assetcatalog; path = "Preview Assets.xcassets"; sourceTree = "<group>"; };
		D942FAF12665BE420025DEC9 /* Info.plist */ = {isa = PBXFileReference; lastKnownFileType = text.plist.xml; path = Info.plist; sourceTree = "<group>"; };
		D942FAF62665BE430025DEC9 /* RenovateTestTests.xctest */ = {isa = PBXFileReference; explicitFileType = wrapper.cfbundle; includeInIndex = 0; path = RenovateTestTests.xctest; sourceTree = BUILT_PRODUCTS_DIR; };
		D942FAFA2665BE430025DEC9 /* RenovateTestTests.swift */ = {isa = PBXFileReference; lastKnownFileType = sourcecode.swift; path = RenovateTestTests.swift; sourceTree = "<group>"; };
		D942FAFC2665BE430025DEC9 /* Info.plist */ = {isa = PBXFileReference; lastKnownFileType = text.plist.xml; path = Info.plist; sourceTree = "<group>"; };
		D942FB012665BE430025DEC9 /* RenovateTestUITests.xctest */ = {isa = PBXFileReference; explicitFileType = wrapper.cfbundle; includeInIndex = 0; path = RenovateTestUITests.xctest; sourceTree = BUILT_PRODUCTS_DIR; };
		D942FB052665BE430025DEC9 /* RenovateTestUITests.swift */ = {isa = PBXFileReference; lastKnownFileType = sourcecode.swift; path = RenovateTestUITests.swift; sourceTree = "<group>"; };
		D942FB072665BE430025DEC9 /* Info.plist */ = {isa = PBXFileReference; lastKnownFileType = text.plist.xml; path = Info.plist; sourceTree = "<group>"; };
/* End PBXFileReference section */

/* Begin PBXFrameworksBuildPhase section */
		D942FAE22665BE400025DEC9 /* Frameworks */ = {
			isa = PBXFrameworksBuildPhase;
			buildActionMask = 2147483647;
			files = (
			);
			runOnlyForDeploymentPostprocessing = 0;
		};
		D942FAF32665BE430025DEC9 /* Frameworks */ = {
			isa = PBXFrameworksBuildPhase;
			buildActionMask = 2147483647;
			files = (
			);
			runOnlyForDeploymentPostprocessing = 0;
		};
		D942FAFE2665BE430025DEC9 /* Frameworks */ = {
			isa = PBXFrameworksBuildPhase;
			buildActionMask = 2147483647;
			files = (
			);
			runOnlyForDeploymentPostprocessing = 0;
		};
/* End PBXFrameworksBuildPhase section */

/* Begin PBXGroup section */
		D942FADC2665BE400025DEC9 = {
			isa = PBXGroup;
			children = (
				D942FAE72665BE400025DEC9 /* RenovateTest */,
				D942FAF92665BE430025DEC9 /* RenovateTestTests */,
				D942FB042665BE430025DEC9 /* RenovateTestUITests */,
				D942FAE62665BE400025DEC9 /* Products */,
			);
			sourceTree = "<group>";
		};
		D942FAE62665BE400025DEC9 /* Products */ = {
			isa = PBXGroup;
			children = (
				D942FAE52665BE400025DEC9 /* RenovateTest.app */,
				D942FAF62665BE430025DEC9 /* RenovateTestTests.xctest */,
				D942FB012665BE430025DEC9 /* RenovateTestUITests.xctest */,
			);
			name = Products;
			sourceTree = "<group>";
		};
		D942FAE72665BE400025DEC9 /* RenovateTest */ = {
			isa = PBXGroup;
			children = (
				D942FAE82665BE400025DEC9 /* RenovateTestApp.swift */,
				D942FAEA2665BE400025DEC9 /* ContentView.swift */,
				D942FAEC2665BE420025DEC9 /* Assets.xcassets */,
				D942FAF12665BE420025DEC9 /* Info.plist */,
				D942FAEE2665BE420025DEC9 /* Preview Content */,
			);
			path = RenovateTest;
			sourceTree = "<group>";
		};
		D942FAEE2665BE420025DEC9 /* Preview Content */ = {
			isa = PBXGroup;
			children = (
				D942FAEF2665BE420025DEC9 /* Preview Assets.xcassets */,
			);
			path = "Preview Content";
			sourceTree = "<group>";
		};
		D942FAF92665BE430025DEC9 /* RenovateTestTests */ = {
			isa = PBXGroup;
			children = (
				D942FAFA2665BE430025DEC9 /* RenovateTestTests.swift */,
				D942FAFC2665BE430025DEC9 /* Info.plist */,
			);
			path = RenovateTestTests;
			sourceTree = "<group>";
		};
		D942FB042665BE430025DEC9 /* RenovateTestUITests */ = {
			isa = PBXGroup;
			children = (
				D942FB052665BE430025DEC9 /* RenovateTestUITests.swift */,
				D942FB072665BE430025DEC9 /* Info.plist */,
			);
			path = RenovateTestUITests;
			sourceTree = "<group>";
		};
/* End PBXGroup section */

/* Begin PBXNativeTarget section */
		D942FAE42665BE400025DEC9 /* RenovateTest */ = {
			isa = PBXNativeTarget;
			buildConfigurationList = D942FB0A2665BE430025DEC9 /* Build configuration list for PBXNativeTarget "RenovateTest" */;
			buildPhases = (
				D942FAE12665BE400025DEC9 /* Sources */,
				D942FAE22665BE400025DEC9 /* Frameworks */,
				D942FAE32665BE400025DEC9 /* Resources */,
			);
			buildRules = (
			);
			dependencies = (
			);
			name = RenovateTest;
			productName = RenovateTest;
			productReference = D942FAE52665BE400025DEC9 /* RenovateTest.app */;
			productType = "com.apple.product-type.application";
		};
		D942FAF52665BE430025DEC9 /* RenovateTestTests */ = {
			isa = PBXNativeTarget;
			buildConfigurationList = D942FB0D2665BE430025DEC9 /* Build configuration list for PBXNativeTarget "RenovateTestTests" */;
			buildPhases = (
				D942FAF22665BE430025DEC9 /* Sources */,
				D942FAF32665BE430025DEC9 /* Frameworks */,
				D942FAF42665BE430025DEC9 /* Resources */,
			);
			buildRules = (
			);
			dependencies = (
				D942FAF82665BE430025DEC9 /* PBXTargetDependency */,
			);
			name = RenovateTestTests;
			productName = RenovateTestTests;
			productReference = D942FAF62665BE430025DEC9 /* RenovateTestTests.xctest */;
			productType = "com.apple.product-type.bundle.unit-test";
		};
		D942FB002665BE430025DEC9 /* RenovateTestUITests */ = {
			isa = PBXNativeTarget;
			buildConfigurationList = D942FB102665BE430025DEC9 /* Build configuration list for PBXNativeTarget "RenovateTestUITests" */;
			buildPhases = (
				D942FAFD2665BE430025DEC9 /* Sources */,
				D942FAFE2665BE430025DEC9 /* Frameworks */,
				D942FAFF2665BE430025DEC9 /* Resources */,
			);
			buildRules = (
			);
			dependencies = (
				D942FB032665BE430025DEC9 /* PBXTargetDependency */,
			);
			name = RenovateTestUITests;
			productName = RenovateTestUITests;
			productReference = D942FB012665BE430025DEC9 /* RenovateTestUITests.xctest */;
			productType = "com.apple.product-type.bundle.ui-testing";
		};
/* End PBXNativeTarget section */

/* Begin PBXProject section */
		D942FADD2665BE400025DEC9 /* Project object */ = {
			isa = PBXProject;
			attributes = {
				LastSwiftUpdateCheck = 1240;
				LastUpgradeCheck = 1240;
				TargetAttributes = {
					D942FAE42665BE400025DEC9 = {
						CreatedOnToolsVersion = 12.4;
					};
					D942FAF52665BE430025DEC9 = {
						CreatedOnToolsVersion = 12.4;
						TestTargetID = D942FAE42665BE400025DEC9;
					};
					D942FB002665BE430025DEC9 = {
						CreatedOnToolsVersion = 12.4;
						TestTargetID = D942FAE42665BE400025DEC9;
					};
				};
			};
			buildConfigurationList = D942FAE02665BE400025DEC9 /* Build configuration list for PBXProject "RenovateTest" */;
			compatibilityVersion = "Xcode 9.3";
			developmentRegion = en;
			hasScannedForEncodings = 0;
			knownRegions = (
				en,
				Base,
			);
			mainGroup = D942FADC2665BE400025DEC9;
			productRefGroup = D942FAE62665BE400025DEC9 /* Products */;
			projectDirPath = "";
			projectRoot = "";
			targets = (
				D942FAE42665BE400025DEC9 /* RenovateTest */,
				D942FAF52665BE430025DEC9 /* RenovateTestTests */,
				D942FB002665BE430025DEC9 /* RenovateTestUITests */,
			);
		};
/* End PBXProject section */

/* Begin PBXResourcesBuildPhase section */
		D942FAE32665BE400025DEC9 /* Resources */ = {
			isa = PBXResourcesBuildPhase;
			buildActionMask = 2147483647;
			files = (
				D942FAF02665BE420025DEC9 /* Preview Assets.xcassets in Resources */,
				D942FAED2665BE420025DEC9 /* Assets.xcassets in Resources */,
			);
			runOnlyForDeploymentPostprocessing = 0;
		};
		D942FAF42665BE430025DEC9 /* Resources */ = {
			isa = PBXResourcesBuildPhase;
			buildActionMask = 2147483647;
			files = (
			);
			runOnlyForDeploymentPostprocessing = 0;
		};
		D942FAFF2665BE430025DEC9 /* Resources */ = {
			isa = PBXResourcesBuildPhase;
			buildActionMask = 2147483647;
			files = (
			);
			runOnlyForDeploymentPostprocessing = 0;
		};
/* End PBXResourcesBuildPhase section */

/* Begin PBXSourcesBuildPhase section */
		D942FAE12665BE400025DEC9 /* Sources */ = {
			isa = PBXSourcesBuildPhase;
			buildActionMask = 2147483647;
			files = (
				D942FAEB2665BE400025DEC9 /* ContentView.swift in Sources */,
				D942FAE92665BE400025DEC9 /* RenovateTestApp.swift in Sources */,
			);
			runOnlyForDeploymentPostprocessing = 0;
		};
		D942FAF22665BE430025DEC9 /* Sources */ = {
			isa = PBXSourcesBuildPhase;
			buildActionMask = 2147483647;
			files = (
				D942FAFB2665BE430025DEC9 /* RenovateTestTests.swift in Sources */,
			);
			runOnlyForDeploymentPostprocessing = 0;
		};
		D942FAFD2665BE430025DEC9 /* Sources */ = {
			isa = PBXSourcesBuildPhase;
			buildActionMask = 2147483647;
			files = (
				D942FB062665BE430025DEC9 /* RenovateTestUITests.swift in Sources */,
			);
			runOnlyForDeploymentPostprocessing = 0;
		};
/* End PBXSourcesBuildPhase section */

/* Begin PBXTargetDependency section */
		D942FAF82665BE430025DEC9 /* PBXTargetDependency */ = {
			isa = PBXTargetDependency;
			target = D942FAE42665BE400025DEC9 /* RenovateTest */;
			targetProxy = D942FAF72665BE430025DEC9 /* PBXContainerItemProxy */;
		};
		D942FB032665BE430025DEC9 /* PBXTargetDependency */ = {
			isa = PBXTargetDependency;
			target = D942FAE42665BE400025DEC9 /* RenovateTest */;
			targetProxy = D942FB022665BE430025DEC9 /* PBXContainerItemProxy */;
		};
/* End PBXTargetDependency section */

/* Begin XCBuildConfiguration section */
		D942FB082665BE430025DEC9 /* Debug */ = {
			isa = XCBuildConfiguration;
			buildSettings = {
				ALWAYS_SEARCH_USER_PATHS = NO;
				CLANG_ANALYZER_NONNULL = YES;
				CLANG_ANALYZER_NUMBER_OBJECT_CONVERSION = YES_AGGRESSIVE;
				CLANG_CXX_LANGUAGE_STANDARD = "gnu++14";
				CLANG_CXX_LIBRARY = "libc++";
				CLANG_ENABLE_MODULES = YES;
				CLANG_ENABLE_OBJC_ARC = YES;
				CLANG_ENABLE_OBJC_WEAK = YES;
				CLANG_WARN_BLOCK_CAPTURE_AUTORELEASING = YES;
				CLANG_WARN_BOOL_CONVERSION = YES;
				CLANG_WARN_COMMA = YES;
				CLANG_WARN_CONSTANT_CONVERSION = YES;
				CLANG_WARN_DEPRECATED_OBJC_IMPLEMENTATIONS = YES;
				CLANG_WARN_DIRECT_OBJC_ISA_USAGE = YES_ERROR;
				CLANG_WARN_DOCUMENTATION_COMMENTS = YES;
				CLANG_WARN_EMPTY_BODY = YES;
				CLANG_WARN_ENUM_CONVERSION = YES;
				CLANG_WARN_INFINITE_RECURSION = YES;
				CLANG_WARN_INT_CONVERSION = YES;
				CLANG_WARN_NON_LITERAL_NULL_CONVERSION = YES;
				CLANG_WARN_OBJC_IMPLICIT_RETAIN_SELF = YES;
				CLANG_WARN_OBJC_LITERAL_CONVERSION = YES;
				CLANG_WARN_OBJC_ROOT_CLASS = YES_ERROR;
				CLANG_WARN_QUOTED_INCLUDE_IN_FRAMEWORK_HEADER = YES;
				CLANG_WARN_RANGE_LOOP_ANALYSIS = YES;
				CLANG_WARN_STRICT_PROTOTYPES = YES;
				CLANG_WARN_SUSPICIOUS_MOVE = YES;
				CLANG_WARN_UNGUARDED_AVAILABILITY = YES_AGGRESSIVE;
				CLANG_WARN_UNREACHABLE_CODE = YES;
				CLANG_WARN__DUPLICATE_METHOD_MATCH = YES;
				COPY_PHASE_STRIP = NO;
				DEBUG_INFORMATION_FORMAT = dwarf;
				ENABLE_STRICT_OBJC_MSGSEND = YES;
				ENABLE_TESTABILITY = YES;
				GCC_C_LANGUAGE_STANDARD = gnu11;
				GCC_DYNAMIC_NO_PIC = NO;
				GCC_NO_COMMON_BLOCKS = YES;
				GCC_OPTIMIZATION_LEVEL = 0;
				GCC_PREPROCESSOR_DEFINITIONS = (
					"DEBUG=1",
					"$(inherited)",
				);
				GCC_WARN_64_TO_32_BIT_CONVERSION = YES;
				GCC_WARN_ABOUT_RETURN_TYPE = YES_ERROR;
				GCC_WARN_UNDECLARED_SELECTOR = YES;
				GCC_WARN_UNINITIALIZED_AUTOS = YES_AGGRESSIVE;
				GCC_WARN_UNUSED_FUNCTION = YES;
				GCC_WARN_UNUSED_VARIABLE = YES;
				IPHONEOS_DEPLOYMENT_TARGET = 14.4;
				MTL_ENABLE_DEBUG_INFO = INCLUDE_SOURCE;
				MTL_FAST_MATH = YES;
				ONLY_ACTIVE_ARCH = YES;
				SDKROOT = iphoneos;
				SWIFT_ACTIVE_COMPILATION_CONDITIONS = DEBUG;
				SWIFT_OPTIMIZATION_LEVEL = "-Onone";
			};
			name = Debug;
		};
		D942FB092665BE430025DEC9 /* Release */ = {
			isa = XCBuildConfiguration;
			buildSettings = {
				ALWAYS_SEARCH_USER_PATHS = NO;
				CLANG_ANALYZER_NONNULL = YES;
				CLANG_ANALYZER_NUMBER_OBJECT_CONVERSION = YES_AGGRESSIVE;
				CLANG_CXX_LANGUAGE_STANDARD = "gnu++14";
				CLANG_CXX_LIBRARY = "libc++";
				CLANG_ENABLE_MODULES = YES;
				CLANG_ENABLE_OBJC_ARC = YES;
				CLANG_ENABLE_OBJC_WEAK = YES;
				CLANG_WARN_BLOCK_CAPTURE_AUTORELEASING = YES;
				CLANG_WARN_BOOL_CONVERSION = YES;
				CLANG_WARN_COMMA = YES;
				CLANG_WARN_CONSTANT_CONVERSION = YES;
				CLANG_WARN_DEPRECATED_OBJC_IMPLEMENTATIONS = YES;
				CLANG_WARN_DIRECT_OBJC_ISA_USAGE = YES_ERROR;
				CLANG_WARN_DOCUMENTATION_COMMENTS = YES;
				CLANG_WARN_EMPTY_BODY = YES;
				CLANG_WARN_ENUM_CONVERSION = YES;
				CLANG_WARN_INFINITE_RECURSION = YES;
				CLANG_WARN_INT_CONVERSION = YES;
				CLANG_WARN_NON_LITERAL_NULL_CONVERSION = YES;
				CLANG_WARN_OBJC_IMPLICIT_RETAIN_SELF = YES;
				CLANG_WARN_OBJC_LITERAL_CONVERSION = YES;
				CLANG_WARN_OBJC_ROOT_CLASS = YES_ERROR;
				CLANG_WARN_QUOTED_INCLUDE_IN_FRAMEWORK_HEADER = YES;
				CLANG_WARN_RANGE_LOOP_ANALYSIS = YES;
				CLANG_WARN_STRICT_PROTOTYPES = YES;
				CLANG_WARN_SUSPICIOUS_MOVE = YES;
				CLANG_WARN_UNGUARDED_AVAILABILITY = YES_AGGRESSIVE;
				CLANG_WARN_UNREACHABLE_CODE = YES;
				CLANG_WARN__DUPLICATE_METHOD_MATCH = YES;
				COPY_PHASE_STRIP = NO;
				DEBUG_INFORMATION_FORMAT = "dwarf-with-dsym";
				ENABLE_NS_ASSERTIONS = NO;
				ENABLE_STRICT_OBJC_MSGSEND = YES;
				GCC_C_LANGUAGE_STANDARD = gnu11;
				GCC_NO_COMMON_BLOCKS = YES;
				GCC_WARN_64_TO_32_BIT_CONVERSION = YES;
				GCC_WARN_ABOUT_RETURN_TYPE = YES_ERROR;
				GCC_WARN_UNDECLARED_SELECTOR = YES;
				GCC_WARN_UNINITIALIZED_AUTOS = YES_AGGRESSIVE;
				GCC_WARN_UNUSED_FUNCTION = YES;
				GCC_WARN_UNUSED_VARIABLE = YES;
				IPHONEOS_DEPLOYMENT_TARGET = 14.4;
				MTL_ENABLE_DEBUG_INFO = NO;
				MTL_FAST_MATH = YES;
				SDKROOT = iphoneos;
				SWIFT_COMPILATION_MODE = wholemodule;
				SWIFT_OPTIMIZATION_LEVEL = "-O";
				VALIDATE_PRODUCT = YES;
			};
			name = Release;
		};
		D942FB0B2665BE430025DEC9 /* Debug */ = {
			isa = XCBuildConfiguration;
			buildSettings = {
				ASSETCATALOG_COMPILER_APPICON_NAME = AppIcon;
				ASSETCATALOG_COMPILER_GLOBAL_ACCENT_COLOR_NAME = AccentColor;
				CODE_SIGN_STYLE = Automatic;
				DEVELOPMENT_ASSET_PATHS = "\"RenovateTest/Preview Content\"";
				ENABLE_PREVIEWS = YES;
				INFOPLIST_FILE = RenovateTest/Info.plist;
				IPHONEOS_DEPLOYMENT_TARGET = 14.0;
				LD_RUNPATH_SEARCH_PATHS = (
					"$(inherited)",
					"@executable_path/Frameworks",
				);
				PRODUCT_BUNDLE_IDENTIFIER = com.daikimat.renovatetest.RenovateTest;
				PRODUCT_NAME = "$(TARGET_NAME)";
				SWIFT_VERSION = 5.0;
				TARGETED_DEVICE_FAMILY = "1,2";
			};
			name = Debug;
		};
		D942FB0C2665BE430025DEC9 /* Release */ = {
			isa = XCBuildConfiguration;
			buildSettings = {
				ASSETCATALOG_COMPILER_APPICON_NAME = AppIcon;
				ASSETCATALOG_COMPILER_GLOBAL_ACCENT_COLOR_NAME = AccentColor;
				CODE_SIGN_STYLE = Automatic;
				DEVELOPMENT_ASSET_PATHS = "\"RenovateTest/Preview Content\"";
				ENABLE_PREVIEWS = YES;
				INFOPLIST_FILE = RenovateTest/Info.plist;
				IPHONEOS_DEPLOYMENT_TARGET = 14.0;
				LD_RUNPATH_SEARCH_PATHS = (
					"$(inherited)",
					"@executable_path/Frameworks",
				);
				PRODUCT_BUNDLE_IDENTIFIER = com.daikimat.renovatetest.RenovateTest;
				PRODUCT_NAME = "$(TARGET_NAME)";
				SWIFT_VERSION = 5.0;
				TARGETED_DEVICE_FAMILY = "1,2";
			};
			name = Release;
		};
		D942FB0E2665BE430025DEC9 /* Debug */ = {
			isa = XCBuildConfiguration;
			buildSettings = {
				ALWAYS_EMBED_SWIFT_STANDARD_LIBRARIES = YES;
				BUNDLE_LOADER = "$(TEST_HOST)";
				CODE_SIGN_STYLE = Automatic;
				INFOPLIST_FILE = RenovateTestTests/Info.plist;
				IPHONEOS_DEPLOYMENT_TARGET = 14.0;
				LD_RUNPATH_SEARCH_PATHS = (
					"$(inherited)",
					"@executable_path/Frameworks",
					"@loader_path/Frameworks",
				);
				PRODUCT_BUNDLE_IDENTIFIER = com.daikimat.renovatetest.RenovateTestTests;
				PRODUCT_NAME = "$(TARGET_NAME)";
				SWIFT_VERSION = 5.0;
				TARGETED_DEVICE_FAMILY = "1,2";
				TEST_HOST = "$(BUILT_PRODUCTS_DIR)/RenovateTest.app/RenovateTest";
			};
			name = Debug;
		};
		D942FB0F2665BE430025DEC9 /* Release */ = {
			isa = XCBuildConfiguration;
			buildSettings = {
				ALWAYS_EMBED_SWIFT_STANDARD_LIBRARIES = YES;
				BUNDLE_LOADER = "$(TEST_HOST)";
				CODE_SIGN_STYLE = Automatic;
				INFOPLIST_FILE = RenovateTestTests/Info.plist;
				IPHONEOS_DEPLOYMENT_TARGET = 14.0;
				LD_RUNPATH_SEARCH_PATHS = (
					"$(inherited)",
					"@executable_path/Frameworks",
					"@loader_path/Frameworks",
				);
				PRODUCT_BUNDLE_IDENTIFIER = com.daikimat.renovatetest.RenovateTestTests;
				PRODUCT_NAME = "$(TARGET_NAME)";
				SWIFT_VERSION = 5.0;
				TARGETED_DEVICE_FAMILY = "1,2";
				TEST_HOST = "$(BUILT_PRODUCTS_DIR)/RenovateTest.app/RenovateTest";
			};
			name = Release;
		};
		D942FB112665BE430025DEC9 /* Debug */ = {
			isa = XCBuildConfiguration;
			buildSettings = {
				ALWAYS_EMBED_SWIFT_STANDARD_LIBRARIES = YES;
				CODE_SIGN_STYLE = Automatic;
				INFOPLIST_FILE = RenovateTestUITests/Info.plist;
				LD_RUNPATH_SEARCH_PATHS = (
					"$(inherited)",
					"@executable_path/Frameworks",
					"@loader_path/Frameworks",
				);
				PRODUCT_BUNDLE_IDENTIFIER = com.daikimat.renovatetest.RenovateTestUITests;
				PRODUCT_NAME = "$(TARGET_NAME)";
				SWIFT_VERSION = 5.0;
				TARGETED_DEVICE_FAMILY = "1,2";
				TEST_TARGET_NAME = RenovateTest;
			};
			name = Debug;
		};
		D942FB122665BE430025DEC9 /* Release */ = {
			isa = XCBuildConfiguration;
			buildSettings = {
				ALWAYS_EMBED_SWIFT_STANDARD_LIBRARIES = YES;
				CODE_SIGN_STYLE = Automatic;
				INFOPLIST_FILE = RenovateTestUITests/Info.plist;
				LD_RUNPATH_SEARCH_PATHS = (
					"$(inherited)",
					"@executable_path/Frameworks",
					"@loader_path/Frameworks",
				);
				PRODUCT_BUNDLE_IDENTIFIER = com.daikimat.renovatetest.RenovateTestUITests;
				PRODUCT_NAME = "$(TARGET_NAME)";
				SWIFT_VERSION = 5.0;
				TARGETED_DEVICE_FAMILY = "1,2";
				TEST_TARGET_NAME = RenovateTest;
			};
			name = Release;
		};
/* End XCBuildConfiguration section */

/* Begin XCConfigurationList section */
		D942FAE02665BE400025DEC9 /* Build configuration list for PBXProject "RenovateTest" */ = {
			isa = XCConfigurationList;
			buildConfigurations = (
				D942FB082665BE430025DEC9 /* Debug */,
				D942FB092665BE430025DEC9 /* Release */,
			);
			defaultConfigurationIsVisible = 0;
			defaultConfigurationName = Release;
		};
		D942FB0A2665BE430025DEC9 /* Build configuration list for PBXNativeTarget "RenovateTest" */ = {
			isa = XCConfigurationList;
			buildConfigurations = (
				D942FB0B2665BE430025DEC9 /* Debug */,
				D942FB0C2665BE430025DEC9 /* Release */,
			);
			defaultConfigurationIsVisible = 0;
			defaultConfigurationName = Release;
		};
		D942FB0D2665BE430025DEC9 /* Build configuration list for PBXNativeTarget "RenovateTestTests" */ = {
			isa = XCConfigurationList;
			buildConfigurations = (
				D942FB0E2665BE430025DEC9 /* Debug */,
				D942FB0F2665BE430025DEC9 /* Release */,
			);
			defaultConfigurationIsVisible = 0;
			defaultConfigurationName = Release;
		};
		D942FB102665BE430025DEC9 /* Build configuration list for PBXNativeTarget "RenovateTestUITests" */ = {
			isa = XCConfigurationList;
			buildConfigurations = (
				D942FB112665BE430025DEC9 /* Debug */,
				D942FB122665BE430025DEC9 /* Release */,
			);
			defaultConfigurationIsVisible = 0;
			defaultConfigurationName = Release;
		};
/* End XCConfigurationList section */
	};
	rootObject = D942FADD2665BE400025DEC9 /* Project object */;
}
